
Microsoft Visual Studio Solution File, Format Version 12.00
# Visual Studio Version 17
VisualStudioVersion = 17.3.32929.385
MinimumVisualStudioVersion = 10.0.40219.1
Project("{FAE04EC0-301F-11D3-BF4B-00C04F79EFBC}") = "prime number", "prime number\prime number.csproj", "{3A8A7926-8674-43DE-8C39-AE24C8C3CD1D}"
EndProject
Global
	GlobalSection(SolutionConfigurationPlatforms) = preSolution
		Debug|Any CPU = Debug|Any CPU
		Release|Any CPU = Release|Any CPU
	EndGlobalSection
	GlobalSection(ProjectConfigurationPlatforms) = postSolution
		{3A8A7926-8674-43DE-8C39-AE24C8C3CD1D}.Debug|Any CPU.ActiveCfg = Debug|Any CPU
		{3A8A7926-8674-43DE-8C39-AE24C8C3CD1D}.Debug|Any CPU.Build.0 = Debug|Any CPU
		{3A8A7926-8674-43DE-8C39-AE24C8C3CD1D}.Release|Any CPU.ActiveCfg = Release|Any CPU
		{3A8A7926-8674-43DE-8C39-AE24C8C3CD1D}.Release|Any CPU.Build.0 = Release|Any CPU
	EndGlobalSection
	GlobalSection(SolutionProperties) = preSolution
		HideSolutionNode = FALSE
	EndGlobalSection
	GlobalSection(ExtensibilityGlobals) = postSolution
		SolutionGuid = {C99AD3D1-8C17-443C-941B-DCE350C81437}
	EndGlobalSection
EndGlobal
